
Microsoft Visual Studio Solution File, Format Version 12.00
# Visual Studio Version 17
VisualStudioVersion = 17.11.35222.181
MinimumVisualStudioVersion = 10.0.40219.1
Project("{FAE04EC0-301F-11D3-BF4B-00C04F79EFBC}") = "CSException", "CSException\CSException.csproj", "{8812F23E-CC20-4255-B6BA-96D413A77531}"
EndProject
Global
	GlobalSection(SolutionConfigurationPlatforms) = preSolution
		Debug|Any CPU = Debug|Any CPU
		Release|Any CPU = Release|Any CPU
	EndGlobalSection
	GlobalSection(ProjectConfigurationPlatforms) = postSolution
		{8812F23E-CC20-4255-B6BA-96D413A77531}.Debug|Any CPU.ActiveCfg = Debug|Any CPU
		{8812F23E-CC20-4255-B6BA-96D413A77531}.Debug|Any CPU.Build.0 = Debug|Any CPU
		{8812F23E-CC20-4255-B6BA-96D413A77531}.Release|Any CPU.ActiveCfg = Release|Any CPU
		{8812F23E-CC20-4255-B6BA-96D413A77531}.Release|Any CPU.Build.0 = Release|Any CPU
	EndGlobalSection
	GlobalSection(SolutionProperties) = preSolution
		HideSolutionNode = FALSE
	EndGlobalSection
	GlobalSection(ExtensibilityGlobals) = postSolution
		SolutionGuid = {463460D9-E577-45ED-9D92-F4E0C8373E44}
	EndGlobalSection
EndGlobal
